
Microsoft Visual Studio Solution File, Format Version 12.00
# Visual Studio Version 17
VisualStudioVersion = 17.5.33627.172
MinimumVisualStudioVersion = 10.0.40219.1
Project("{9A19103F-16F7-4668-BE54-9A1E7A4F7556}") = "HomeTaskCFundamentals", "HomeTaskCFundamentals\HomeTaskCFundamentals.csproj", "{8B406F5C-0E5C-4A4F-9B8B-BE250DA14A63}"
EndProject
Project("{9A19103F-16F7-4668-BE54-9A1E7A4F7556}") = "HomeTaskGenerics", "HomeTaskGenerics\HomeTaskGenerics.csproj", "{95ED58C9-8DFF-4074-9EDD-5BDAD8C08EA4}"
EndProject
Project("{9A19103F-16F7-4668-BE54-9A1E7A4F7556}") = "HomeTaskCollections", "HomeTaskCollections\HomeTaskCollections.csproj", "{2F0F098A-E410-4B12-A370-81EAE7963445}"
EndProject
Project("{9A19103F-16F7-4668-BE54-9A1E7A4F7556}") = "HomeTaskLINQ", "HomeTaskLINQ\HomeTaskLINQ.csproj", "{C617A80F-75E0-4FBE-9BE3-E5DBF6214C67}"
EndProject
Project("{9A19103F-16F7-4668-BE54-9A1E7A4F7556}") = "UnitTests", "UnitTests\UnitTests.csproj", "{6352D929-1E0D-486F-A987-47B936A76E5F}"
EndProject
Project("{FAE04EC0-301F-11D3-BF4B-00C04F79EFBC}") = "HomeTaskSimpleOrderApp", "HomeTaskSimpleOrderApp\HomeTaskSimpleOrderApp.csproj", "{D1A42A48-5668-4254-8C59-D223B512271E}"
EndProject
Project("{FAE04EC0-301F-11D3-BF4B-00C04F79EFBC}") = "HomeTaskUsingSelenium", "HomeTaskUsingSelenium\HomeTaskUsingSelenium.csproj", "{AE16055F-CD82-40C4-946C-4AE15D315908}"
EndProject
Global
	GlobalSection(SolutionConfigurationPlatforms) = preSolution
		Debug|Any CPU = Debug|Any CPU
		Release|Any CPU = Release|Any CPU
	EndGlobalSection
	GlobalSection(ProjectConfigurationPlatforms) = postSolution
		{8B406F5C-0E5C-4A4F-9B8B-BE250DA14A63}.Debug|Any CPU.ActiveCfg = Debug|Any CPU
		{8B406F5C-0E5C-4A4F-9B8B-BE250DA14A63}.Debug|Any CPU.Build.0 = Debug|Any CPU
		{8B406F5C-0E5C-4A4F-9B8B-BE250DA14A63}.Release|Any CPU.ActiveCfg = Release|Any CPU
		{8B406F5C-0E5C-4A4F-9B8B-BE250DA14A63}.Release|Any CPU.Build.0 = Release|Any CPU
		{95ED58C9-8DFF-4074-9EDD-5BDAD8C08EA4}.Debug|Any CPU.ActiveCfg = Debug|Any CPU
		{95ED58C9-8DFF-4074-9EDD-5BDAD8C08EA4}.Debug|Any CPU.Build.0 = Debug|Any CPU
		{95ED58C9-8DFF-4074-9EDD-5BDAD8C08EA4}.Release|Any CPU.ActiveCfg = Release|Any CPU
		{95ED58C9-8DFF-4074-9EDD-5BDAD8C08EA4}.Release|Any CPU.Build.0 = Release|Any CPU
		{2F0F098A-E410-4B12-A370-81EAE7963445}.Debug|Any CPU.ActiveCfg = Debug|Any CPU
		{2F0F098A-E410-4B12-A370-81EAE7963445}.Debug|Any CPU.Build.0 = Debug|Any CPU
		{2F0F098A-E410-4B12-A370-81EAE7963445}.Release|Any CPU.ActiveCfg = Release|Any CPU
		{2F0F098A-E410-4B12-A370-81EAE7963445}.Release|Any CPU.Build.0 = Release|Any CPU
		{C617A80F-75E0-4FBE-9BE3-E5DBF6214C67}.Debug|Any CPU.ActiveCfg = Debug|Any CPU
		{C617A80F-75E0-4FBE-9BE3-E5DBF6214C67}.Debug|Any CPU.Build.0 = Debug|Any CPU
		{C617A80F-75E0-4FBE-9BE3-E5DBF6214C67}.Release|Any CPU.ActiveCfg = Release|Any CPU
		{C617A80F-75E0-4FBE-9BE3-E5DBF6214C67}.Release|Any CPU.Build.0 = Release|Any CPU
		{6352D929-1E0D-486F-A987-47B936A76E5F}.Debug|Any CPU.ActiveCfg = Debug|Any CPU
		{6352D929-1E0D-486F-A987-47B936A76E5F}.Debug|Any CPU.Build.0 = Debug|Any CPU
		{6352D929-1E0D-486F-A987-47B936A76E5F}.Release|Any CPU.ActiveCfg = Release|Any CPU
		{6352D929-1E0D-486F-A987-47B936A76E5F}.Release|Any CPU.Build.0 = Release|Any CPU
		{D1A42A48-5668-4254-8C59-D223B512271E}.Debug|Any CPU.ActiveCfg = Debug|Any CPU
		{D1A42A48-5668-4254-8C59-D223B512271E}.Debug|Any CPU.Build.0 = Debug|Any CPU
		{D1A42A48-5668-4254-8C59-D223B512271E}.Release|Any CPU.ActiveCfg = Release|Any CPU
		{D1A42A48-5668-4254-8C59-D223B512271E}.Release|Any CPU.Build.0 = Release|Any CPU
		{AE16055F-CD82-40C4-946C-4AE15D315908}.Debug|Any CPU.ActiveCfg = Debug|Any CPU
		{AE16055F-CD82-40C4-946C-4AE15D315908}.Debug|Any CPU.Build.0 = Debug|Any CPU
		{AE16055F-CD82-40C4-946C-4AE15D315908}.Release|Any CPU.ActiveCfg = Release|Any CPU
		{AE16055F-CD82-40C4-946C-4AE15D315908}.Release|Any CPU.Build.0 = Release|Any CPU
	EndGlobalSection
	GlobalSection(SolutionProperties) = preSolution
		HideSolutionNode = FALSE
	EndGlobalSection
	GlobalSection(ExtensibilityGlobals) = postSolution
		SolutionGuid = {448FB0AE-51C1-4F3A-BE14-ADB54D323B9F}
	EndGlobalSection
EndGlobal
